Microsoft Visual Studio Solution File, Format Version 12.00
# Visual Studio 2012
Project("{FAE04EC0-301F-11D3-BF4B-00C04F79EFBC}") = "openccg", "openccg.csproj", "{C6B65556-7E05-4006-B840-B2F0F7E484EB}"
EndProject
Project("{FAE04EC0-301F-11D3-BF4B-00C04F79EFBC}") = "OpenCCG.Gameserver", "sources\OpenCCG.Gameserver\OpenCCG.Gameserver.csproj", "{5F4A0D63-0244-4B2A-A7ED-9A014A9054C2}"
EndProject
Project("{FAE04EC0-301F-11D3-BF4B-00C04F79EFBC}") = "OpenCCG.Proto", "sources\OpenCCG.Proto\OpenCCG.Proto.csproj", "{258FBFEC-EF00-483A-A574-D67085E14218}"
EndProject
Project("{FAE04EC0-301F-11D3-BF4B-00C04F79EFBC}") = "OpenCCG.Data", "sources\OpenCCG.Data\OpenCCG.Data.csproj", "{C235ABE6-30DC-4ECC-B214-98E2A5A40E22}"
EndProject
Project("{2150E333-8FDC-42A3-9474-1A3956D46DE8}") = "Solution Items", "Solution Items", "{FFCBDA6B-9DDD-4EDC-AFC0-81F8AA07CEBA}"
	ProjectSection(SolutionItems) = preProject
		docker-compose.yml = docker-compose.yml
	EndProjectSection
EndProject
Global
	GlobalSection(SolutionConfigurationPlatforms) = preSolution
	Debug|Any CPU = Debug|Any CPU
	ExportDebug|Any CPU = ExportDebug|Any CPU
	ExportRelease|Any CPU = ExportRelease|Any CPU
	EndGlobalSection
	GlobalSection(ProjectConfigurationPlatforms) = postSolution
		{C6B65556-7E05-4006-B840-B2F0F7E484EB}.Debug|Any CPU.ActiveCfg = Debug|Any CPU
		{C6B65556-7E05-4006-B840-B2F0F7E484EB}.Debug|Any CPU.Build.0 = Debug|Any CPU
		{C6B65556-7E05-4006-B840-B2F0F7E484EB}.ExportDebug|Any CPU.ActiveCfg = ExportDebug|Any CPU
		{C6B65556-7E05-4006-B840-B2F0F7E484EB}.ExportDebug|Any CPU.Build.0 = ExportDebug|Any CPU
		{C6B65556-7E05-4006-B840-B2F0F7E484EB}.ExportRelease|Any CPU.ActiveCfg = ExportRelease|Any CPU
		{C6B65556-7E05-4006-B840-B2F0F7E484EB}.ExportRelease|Any CPU.Build.0 = ExportRelease|Any CPU
		{5F4A0D63-0244-4B2A-A7ED-9A014A9054C2}.Debug|Any CPU.ActiveCfg = Debug|Any CPU
		{5F4A0D63-0244-4B2A-A7ED-9A014A9054C2}.Debug|Any CPU.Build.0 = Debug|Any CPU
		{5F4A0D63-0244-4B2A-A7ED-9A014A9054C2}.ExportDebug|Any CPU.ActiveCfg = Debug|Any CPU
		{5F4A0D63-0244-4B2A-A7ED-9A014A9054C2}.ExportDebug|Any CPU.Build.0 = Debug|Any CPU
		{5F4A0D63-0244-4B2A-A7ED-9A014A9054C2}.ExportRelease|Any CPU.ActiveCfg = Debug|Any CPU
		{5F4A0D63-0244-4B2A-A7ED-9A014A9054C2}.ExportRelease|Any CPU.Build.0 = Debug|Any CPU
		{258FBFEC-EF00-483A-A574-D67085E14218}.Debug|Any CPU.ActiveCfg = Debug|Any CPU
		{258FBFEC-EF00-483A-A574-D67085E14218}.Debug|Any CPU.Build.0 = Debug|Any CPU
		{258FBFEC-EF00-483A-A574-D67085E14218}.ExportDebug|Any CPU.ActiveCfg = Debug|Any CPU
		{258FBFEC-EF00-483A-A574-D67085E14218}.ExportDebug|Any CPU.Build.0 = Debug|Any CPU
		{258FBFEC-EF00-483A-A574-D67085E14218}.ExportRelease|Any CPU.ActiveCfg = Debug|Any CPU
		{258FBFEC-EF00-483A-A574-D67085E14218}.ExportRelease|Any CPU.Build.0 = Debug|Any CPU
		{C235ABE6-30DC-4ECC-B214-98E2A5A40E22}.Debug|Any CPU.ActiveCfg = Debug|Any CPU
		{C235ABE6-30DC-4ECC-B214-98E2A5A40E22}.Debug|Any CPU.Build.0 = Debug|Any CPU
		{C235ABE6-30DC-4ECC-B214-98E2A5A40E22}.ExportDebug|Any CPU.ActiveCfg = Debug|Any CPU
		{C235ABE6-30DC-4ECC-B214-98E2A5A40E22}.ExportDebug|Any CPU.Build.0 = Debug|Any CPU
		{C235ABE6-30DC-4ECC-B214-98E2A5A40E22}.ExportRelease|Any CPU.ActiveCfg = Debug|Any CPU
		{C235ABE6-30DC-4ECC-B214-98E2A5A40E22}.ExportRelease|Any CPU.Build.0 = Debug|Any CPU
	EndGlobalSection
EndGlobal
